Microsoft Visual Studio Solution File, Format Version 12.00
# Visual Studio Version 17
VisualStudioVersion = 17.5.2.0
MinimumVisualStudioVersion = 10.0.40219.1
Project("{FAE04EC0-301F-11D3-BF4B-00C04F79EFBC}") = "img-video-app-back", "img-video-app-back.csproj", "{62FCE8BA-F9DA-3F29-1739-9A37D2FD9A16}"
EndProject
Global
	GlobalSection(SolutionConfigurationPlatforms) = preSolution
		Debug|Any CPU = Debug|Any CPU
		Release|Any CPU = Release|Any CPU
	EndGlobalSection
	GlobalSection(ProjectConfigurationPlatforms) = postSolution
		{62FCE8BA-F9DA-3F29-1739-9A37D2FD9A16}.Debug|Any CPU.ActiveCfg = Debug|Any CPU
		{62FCE8BA-F9DA-3F29-1739-9A37D2FD9A16}.Debug|Any CPU.Build.0 = Debug|Any CPU
		{62FCE8BA-F9DA-3F29-1739-9A37D2FD9A16}.Release|Any CPU.ActiveCfg = Release|Any CPU
		{62FCE8BA-F9DA-3F29-1739-9A37D2FD9A16}.Release|Any CPU.Build.0 = Release|Any CPU
	EndGlobalSection
	GlobalSection(SolutionProperties) = preSolution
		HideSolutionNode = FALSE
	EndGlobalSection
	GlobalSection(ExtensibilityGlobals) = postSolution
		SolutionGuid = {AC26E839-B20A-458A-A2C1-C204EB9C751F}
	EndGlobalSection
EndGlobal
